
Microsoft Visual Studio Solution File, Format Version 12.00
Project("{FAE04EC0-301F-11D3-BF4B-00C04F79EFBC}") = "PracticeLecture", "PracticeLecture\PracticeLecture.csproj", "{9E4E9797-E8F9-45B1-9C95-807F73017905}"
EndProject
Project("{FAE04EC0-301F-11D3-BF4B-00C04F79EFBC}") = "PracticeDomain", "PracticeDomain\PracticeDomain.csproj", "{5F05A6BA-90C3-4B88-A970-34EEC484E915}"
EndProject
Global
	GlobalSection(SolutionConfigurationPlatforms) = preSolution
		Debug|Any CPU = Debug|Any CPU
		Release|Any CPU = Release|Any CPU
	EndGlobalSection
	GlobalSection(ProjectConfigurationPlatforms) = postSolution
		{9E4E9797-E8F9-45B1-9C95-807F73017905}.Debug|Any CPU.ActiveCfg = Debug|Any CPU
		{9E4E9797-E8F9-45B1-9C95-807F73017905}.Debug|Any CPU.Build.0 = Debug|Any CPU
		{9E4E9797-E8F9-45B1-9C95-807F73017905}.Release|Any CPU.ActiveCfg = Release|Any CPU
		{9E4E9797-E8F9-45B1-9C95-807F73017905}.Release|Any CPU.Build.0 = Release|Any CPU
		{5F05A6BA-90C3-4B88-A970-34EEC484E915}.Debug|Any CPU.ActiveCfg = Debug|Any CPU
		{5F05A6BA-90C3-4B88-A970-34EEC484E915}.Debug|Any CPU.Build.0 = Debug|Any CPU
		{5F05A6BA-90C3-4B88-A970-34EEC484E915}.Release|Any CPU.ActiveCfg = Release|Any CPU
		{5F05A6BA-90C3-4B88-A970-34EEC484E915}.Release|Any CPU.Build.0 = Release|Any CPU
	EndGlobalSection
EndGlobal
